
Microsoft Visual Studio Solution File, Format Version 12.00
# Visual Studio Version 17
VisualStudioVersion = 17.9.34622.214
MinimumVisualStudioVersion = 10.0.40219.1
Project("{FAE04EC0-301F-11D3-BF4B-00C04F79EFBC}") = "LoansApp.Server", "LoansApp.Server\LoansApp.Server.csproj", "{E758AD7E-F9D2-4C6F-B11E-3F89E892B6CE}"
EndProject
Project("{54A90642-561A-4BB1-A94E-469ADEE60C69}") = "loansapp.client", "loansapp.client\loansapp.client.esproj", "{293D47A1-F4B4-4ADB-BAC8-38377C02DB9C}"
EndProject
Global
	GlobalSection(SolutionConfigurationPlatforms) = preSolution
		Debug|Any CPU = Debug|Any CPU
		Release|Any CPU = Release|Any CPU
	EndGlobalSection
	GlobalSection(ProjectConfigurationPlatforms) = postSolution
		{E758AD7E-F9D2-4C6F-B11E-3F89E892B6CE}.Debug|Any CPU.ActiveCfg = Debug|Any CPU
		{E758AD7E-F9D2-4C6F-B11E-3F89E892B6CE}.Debug|Any CPU.Build.0 = Debug|Any CPU
		{E758AD7E-F9D2-4C6F-B11E-3F89E892B6CE}.Release|Any CPU.ActiveCfg = Release|Any CPU
		{E758AD7E-F9D2-4C6F-B11E-3F89E892B6CE}.Release|Any CPU.Build.0 = Release|Any CPU
		{293D47A1-F4B4-4ADB-BAC8-38377C02DB9C}.Debug|Any CPU.ActiveCfg = Debug|Any CPU
		{293D47A1-F4B4-4ADB-BAC8-38377C02DB9C}.Debug|Any CPU.Build.0 = Debug|Any CPU
		{293D47A1-F4B4-4ADB-BAC8-38377C02DB9C}.Debug|Any CPU.Deploy.0 = Debug|Any CPU
		{293D47A1-F4B4-4ADB-BAC8-38377C02DB9C}.Release|Any CPU.ActiveCfg = Release|Any CPU
		{293D47A1-F4B4-4ADB-BAC8-38377C02DB9C}.Release|Any CPU.Build.0 = Release|Any CPU
		{293D47A1-F4B4-4ADB-BAC8-38377C02DB9C}.Release|Any CPU.Deploy.0 = Release|Any CPU
	EndGlobalSection
	GlobalSection(SolutionProperties) = preSolution
		HideSolutionNode = FALSE
	EndGlobalSection
	GlobalSection(ExtensibilityGlobals) = postSolution
		SolutionGuid = {AD682390-9865-465A-87DE-30A2DE79E8B0}
	EndGlobalSection
EndGlobal
